// !$*UTF8*$!
{
	archiveVersion = 1;
	classes = {
	};
	objectVersion = 50;
	objects = {

/* Begin PBXBuildFile section */
		435164AD20B617CE00A88CBD /* AppDelegate.swift in Sources */ = {isa = PBXBuildFile; fileRef = 435164AC20B617CE00A88CBD /* AppDelegate.swift */; };
		435164AF20B617CE00A88CBD /* ViewController.swift in Sources */ = {isa = PBXBuildFile; fileRef = 435164AE20B617CE00A88CBD /* ViewController.swift */; };
		435164B220B617CE00A88CBD /* Main.storyboard in Resources */ = {isa = PBXBuildFile; fileRef = 435164B020B617CE00A88CBD /* Main.storyboard */; };
		435164B420B617CF00A88CBD /* Assets.xcassets in Resources */ = {isa = PBXBuildFile; fileRef = 435164B320B617CF00A88CBD /* Assets.xcassets */; };
		435164B720B617CF00A88CBD /* LaunchScreen.storyboard in Resources */ = {isa = PBXBuildFile; fileRef = 435164B520B617CF00A88CBD /* LaunchScreen.storyboard */; };
		435164C220B617CF00A88CBD /* FlightControllerTests.swift in Sources */ = {isa = PBXBuildFile; fileRef = 435164C120B617CF00A88CBD /* FlightControllerTests.swift */; };
		435164CD20B617CF00A88CBD /* FlightControllerUITests.swift in Sources */ = {isa = PBXBuildFile; fileRef = 435164CC20B617CF00A88CBD /* FlightControllerUITests.swift */; };
		43E5579B20CB06B2006A2730 /* TuioServerBridge.mm in Sources */ = {isa = PBXBuildFile; fileRef = 43E5579A20CB06B2006A2730 /* TuioServerBridge.mm */; };
		43E5579C20CB06B2006A2730 /* TuioServerBridge.mm in Sources */ = {isa = PBXBuildFile; fileRef = 43E5579A20CB06B2006A2730 /* TuioServerBridge.mm */; };
		43E5579D20CB06B2006A2730 /* TuioServerBridge.mm in Sources */ = {isa = PBXBuildFile; fileRef = 43E5579A20CB06B2006A2730 /* TuioServerBridge.mm */; };
		43E557E720CB0FC1006A2730 /* CHANGES in Resources */ = {isa = PBXBuildFile; fileRef = 43E557A020CB0FC1006A2730 /* CHANGES */; };
		43E557E820CB0FC1006A2730 /* CHANGES in Resources */ = {isa = PBXBuildFile; fileRef = 43E557A020CB0FC1006A2730 /* CHANGES */; };
		43E557E920CB0FC1006A2730 /* CHANGES in Resources */ = {isa = PBXBuildFile; fileRef = 43E557A020CB0FC1006A2730 /* CHANGES */; };
		43E557EA20CB0FC1006A2730 /* IpEndpointName.cpp in Sources */ = {isa = PBXBuildFile; fileRef = 43E557A220CB0FC1006A2730 /* IpEndpointName.cpp */; };
		43E557EB20CB0FC1006A2730 /* IpEndpointName.cpp in Sources */ = {isa = PBXBuildFile; fileRef = 43E557A220CB0FC1006A2730 /* IpEndpointName.cpp */; };
		43E557EC20CB0FC1006A2730 /* IpEndpointName.cpp in Sources */ = {isa = PBXBuildFile; fileRef = 43E557A220CB0FC1006A2730 /* IpEndpointName.cpp */; };
		43E557ED20CB0FC1006A2730 /* NetworkingUtils.cpp in Sources */ = {isa = PBXBuildFile; fileRef = 43E557A720CB0FC1006A2730 /* NetworkingUtils.cpp */; };
		43E557EE20CB0FC1006A2730 /* NetworkingUtils.cpp in Sources */ = {isa = PBXBuildFile; fileRef = 43E557A720CB0FC1006A2730 /* NetworkingUtils.cpp */; };
		43E557EF20CB0FC1006A2730 /* NetworkingUtils.cpp in Sources */ = {isa = PBXBuildFile; fileRef = 43E557A720CB0FC1006A2730 /* NetworkingUtils.cpp */; };
		43E557F020CB0FC1006A2730 /* UdpSocket.cpp in Sources */ = {isa = PBXBuildFile; fileRef = 43E557A820CB0FC1006A2730 /* UdpSocket.cpp */; };
		43E557F120CB0FC1006A2730 /* UdpSocket.cpp in Sources */ = {isa = PBXBuildFile; fileRef = 43E557A820CB0FC1006A2730 /* UdpSocket.cpp */; };
		43E557F220CB0FC1006A2730 /* UdpSocket.cpp in Sources */ = {isa = PBXBuildFile; fileRef = 43E557A820CB0FC1006A2730 /* UdpSocket.cpp */; };
		43E557F920CB0FC1006A2730 /* LICENSE in Resources */ = {isa = PBXBuildFile; fileRef = 43E557AE20CB0FC1006A2730 /* LICENSE */; };
		43E557FA20CB0FC1006A2730 /* LICENSE in Resources */ = {isa = PBXBuildFile; fileRef = 43E557AE20CB0FC1006A2730 /* LICENSE */; };
		43E557FB20CB0FC1006A2730 /* LICENSE in Resources */ = {isa = PBXBuildFile; fileRef = 43E557AE20CB0FC1006A2730 /* LICENSE */; };
		43E557FC20CB0FC1006A2730 /* OscOutboundPacketStream.cpp in Sources */ = {isa = PBXBuildFile; fileRef = 43E557B320CB0FC1006A2730 /* OscOutboundPacketStream.cpp */; };
		43E557FD20CB0FC1006A2730 /* OscOutboundPacketStream.cpp in Sources */ = {isa = PBXBuildFile; fileRef = 43E557B320CB0FC1006A2730 /* OscOutboundPacketStream.cpp */; };
		43E557FE20CB0FC1006A2730 /* OscOutboundPacketStream.cpp in Sources */ = {isa = PBXBuildFile; fileRef = 43E557B320CB0FC1006A2730 /* OscOutboundPacketStream.cpp */; };
		43E557FF20CB0FC1006A2730 /* OscPrintReceivedElements.cpp in Sources */ = {isa = PBXBuildFile; fileRef = 43E557B620CB0FC1006A2730 /* OscPrintReceivedElements.cpp */; };
		43E5580020CB0FC1006A2730 /* OscPrintReceivedElements.cpp in Sources */ = {isa = PBXBuildFile; fileRef = 43E557B620CB0FC1006A2730 /* OscPrintReceivedElements.cpp */; };
		43E5580120CB0FC1006A2730 /* OscPrintReceivedElements.cpp in Sources */ = {isa = PBXBuildFile; fileRef = 43E557B620CB0FC1006A2730 /* OscPrintReceivedElements.cpp */; };
		43E5580220CB0FC1006A2730 /* OscReceivedElements.cpp in Sources */ = {isa = PBXBuildFile; fileRef = 43E557B820CB0FC1006A2730 /* OscReceivedElements.cpp */; };
		43E5580320CB0FC1006A2730 /* OscReceivedElements.cpp in Sources */ = {isa = PBXBuildFile; fileRef = 43E557B820CB0FC1006A2730 /* OscReceivedElements.cpp */; };
		43E5580420CB0FC1006A2730 /* OscReceivedElements.cpp in Sources */ = {isa = PBXBuildFile; fileRef = 43E557B820CB0FC1006A2730 /* OscReceivedElements.cpp */; };
		43E5580520CB0FC1006A2730 /* OscTypes.cpp in Sources */ = {isa = PBXBuildFile; fileRef = 43E557BA20CB0FC1006A2730 /* OscTypes.cpp */; };
		43E5580620CB0FC1006A2730 /* OscTypes.cpp in Sources */ = {isa = PBXBuildFile; fileRef = 43E557BA20CB0FC1006A2730 /* OscTypes.cpp */; };
		43E5580720CB0FC1006A2730 /* OscTypes.cpp in Sources */ = {isa = PBXBuildFile; fileRef = 43E557BA20CB0FC1006A2730 /* OscTypes.cpp */; };
		43E5580820CB0FC1006A2730 /* README in Resources */ = {isa = PBXBuildFile; fileRef = 43E557BC20CB0FC1006A2730 /* README */; };
		43E5580920CB0FC1006A2730 /* README in Resources */ = {isa = PBXBuildFile; fileRef = 43E557BC20CB0FC1006A2730 /* README */; };
		43E5580A20CB0FC1006A2730 /* README in Resources */ = {isa = PBXBuildFile; fileRef = 43E557BC20CB0FC1006A2730 /* README */; };
		43E5580B20CB0FC1006A2730 /* TODO in Resources */ = {isa = PBXBuildFile; fileRef = 43E557BD20CB0FC1006A2730 /* TODO */; };
		43E5580C20CB0FC1006A2730 /* TODO in Resources */ = {isa = PBXBuildFile; fileRef = 43E557BD20CB0FC1006A2730 /* TODO */; };
		43E5580D20CB0FC1006A2730 /* TODO in Resources */ = {isa = PBXBuildFile; fileRef = 43E557BD20CB0FC1006A2730 /* TODO */; };
		43E5580E20CB0FC1006A2730 /* Doxyfile in Resources */ = {isa = PBXBuildFile; fileRef = 43E557BF20CB0FC1006A2730 /* Doxyfile */; };
		43E5580F20CB0FC1006A2730 /* Doxyfile in Resources */ = {isa = PBXBuildFile; fileRef = 43E557BF20CB0FC1006A2730 /* Doxyfile */; };
		43E5581020CB0FC1006A2730 /* Doxyfile in Resources */ = {isa = PBXBuildFile; fileRef = 43E557BF20CB0FC1006A2730 /* Doxyfile */; };
		43E5581120CB0FC1006A2730 /* FlashSender.cpp in Sources */ = {isa = PBXBuildFile; fileRef = 43E557C020CB0FC1006A2730 /* FlashSender.cpp */; };
		43E5581220CB0FC1006A2730 /* FlashSender.cpp in Sources */ = {isa = PBXBuildFile; fileRef = 43E557C020CB0FC1006A2730 /* FlashSender.cpp */; };
		43E5581320CB0FC1006A2730 /* FlashSender.cpp in Sources */ = {isa = PBXBuildFile; fileRef = 43E557C020CB0FC1006A2730 /* FlashSender.cpp */; };
		43E5581420CB0FC1006A2730 /* OneEuroFilter.cpp in Sources */ = {isa = PBXBuildFile; fileRef = 43E557C320CB0FC1006A2730 /* OneEuroFilter.cpp */; };
		43E5581520CB0FC1006A2730 /* OneEuroFilter.cpp in Sources */ = {isa = PBXBuildFile; fileRef = 43E557C320CB0FC1006A2730 /* OneEuroFilter.cpp */; };
		43E5581620CB0FC1006A2730 /* OneEuroFilter.cpp in Sources */ = {isa = PBXBuildFile; fileRef = 43E557C320CB0FC1006A2730 /* OneEuroFilter.cpp */; };
		43E5581720CB0FC1006A2730 /* OscReceiver.cpp in Sources */ = {isa = PBXBuildFile; fileRef = 43E557C520CB0FC1006A2730 /* OscReceiver.cpp */; };
		43E5581820CB0FC1006A2730 /* OscReceiver.cpp in Sources */ = {isa = PBXBuildFile; fileRef = 43E557C520CB0FC1006A2730 /* OscReceiver.cpp */; };
		43E5581920CB0FC1006A2730 /* OscReceiver.cpp in Sources */ = {isa = PBXBuildFile; fileRef = 43E557C520CB0FC1006A2730 /* OscReceiver.cpp */; };
		43E5581A20CB0FC1006A2730 /* TcpReceiver.cpp in Sources */ = {isa = PBXBuildFile; fileRef = 43E557C820CB0FC1006A2730 /* TcpReceiver.cpp */; };
		43E5581B20CB0FC1006A2730 /* TcpReceiver.cpp in Sources */ = {isa = PBXBuildFile; fileRef = 43E557C820CB0FC1006A2730 /* TcpReceiver.cpp */; };
		43E5581C20CB0FC1006A2730 /* TcpReceiver.cpp in Sources */ = {isa = PBXBuildFile; fileRef = 43E557C820CB0FC1006A2730 /* TcpReceiver.cpp */; };
		43E5581D20CB0FC1006A2730 /* TcpSender.cpp in Sources */ = {isa = PBXBuildFile; fileRef = 43E557CA20CB0FC1006A2730 /* TcpSender.cpp */; };
		43E5581E20CB0FC1006A2730 /* TcpSender.cpp in Sources */ = {isa = PBXBuildFile; fileRef = 43E557CA20CB0FC1006A2730 /* TcpSender.cpp */; };
		43E5581F20CB0FC1006A2730 /* TcpSender.cpp in Sources */ = {isa = PBXBuildFile; fileRef = 43E557CA20CB0FC1006A2730 /* TcpSender.cpp */; };
		43E5582020CB0FC1006A2730 /* TuioBlob.cpp in Sources */ = {isa = PBXBuildFile; fileRef = 43E557CC20CB0FC1006A2730 /* TuioBlob.cpp */; };
		43E5582120CB0FC1006A2730 /* TuioBlob.cpp in Sources */ = {isa = PBXBuildFile; fileRef = 43E557CC20CB0FC1006A2730 /* TuioBlob.cpp */; };
		43E5582220CB0FC1006A2730 /* TuioBlob.cpp in Sources */ = {isa = PBXBuildFile; fileRef = 43E557CC20CB0FC1006A2730 /* TuioBlob.cpp */; };
		43E5582320CB0FC1006A2730 /* TuioClient.cpp in Sources */ = {isa = PBXBuildFile; fileRef = 43E557CE20CB0FC1006A2730 /* TuioClient.cpp */; };
		43E5582420CB0FC1006A2730 /* TuioClient.cpp in Sources */ = {isa = PBXBuildFile; fileRef = 43E557CE20CB0FC1006A2730 /* TuioClient.cpp */; };
		43E5582520CB0FC1006A2730 /* TuioClient.cpp in Sources */ = {isa = PBXBuildFile; fileRef = 43E557CE20CB0FC1006A2730 /* TuioClient.cpp */; };
		43E5582620CB0FC1006A2730 /* TuioContainer.cpp in Sources */ = {isa = PBXBuildFile; fileRef = 43E557D020CB0FC1006A2730 /* TuioContainer.cpp */; };
		43E5582720CB0FC1006A2730 /* TuioContainer.cpp in Sources */ = {isa = PBXBuildFile; fileRef = 43E557D020CB0FC1006A2730 /* TuioContainer.cpp */; };
		43E5582820CB0FC1006A2730 /* TuioContainer.cpp in Sources */ = {isa = PBXBuildFile; fileRef = 43E557D020CB0FC1006A2730 /* TuioContainer.cpp */; };
		43E5582920CB0FC1006A2730 /* TuioCursor.cpp in Sources */ = {isa = PBXBuildFile; fileRef = 43E557D220CB0FC1006A2730 /* TuioCursor.cpp */; };
		43E5582A20CB0FC1006A2730 /* TuioCursor.cpp in Sources */ = {isa = PBXBuildFile; fileRef = 43E557D220CB0FC1006A2730 /* TuioCursor.cpp */; };
		43E5582B20CB0FC1006A2730 /* TuioCursor.cpp in Sources */ = {isa = PBXBuildFile; fileRef = 43E557D220CB0FC1006A2730 /* TuioCursor.cpp */; };
		43E5582C20CB0FC1006A2730 /* TuioDispatcher.cpp in Sources */ = {isa = PBXBuildFile; fileRef = 43E557D420CB0FC1006A2730 /* TuioDispatcher.cpp */; };
		43E5582D20CB0FC1006A2730 /* TuioDispatcher.cpp in Sources */ = {isa = PBXBuildFile; fileRef = 43E557D420CB0FC1006A2730 /* TuioDispatcher.cpp */; };
		43E5582E20CB0FC1006A2730 /* TuioDispatcher.cpp in Sources */ = {isa = PBXBuildFile; fileRef = 43E557D420CB0FC1006A2730 /* TuioDispatcher.cpp */; };
		43E5582F20CB0FC1006A2730 /* TuioManager.cpp in Sources */ = {isa = PBXBuildFile; fileRef = 43E557D720CB0FC1006A2730 /* TuioManager.cpp */; };
		43E5583020CB0FC1006A2730 /* TuioManager.cpp in Sources */ = {isa = PBXBuildFile; fileRef = 43E557D720CB0FC1006A2730 /* TuioManager.cpp */; };
		43E5583120CB0FC1006A2730 /* TuioManager.cpp in Sources */ = {isa = PBXBuildFile; fileRef = 43E557D720CB0FC1006A2730 /* TuioManager.cpp */; };
		43E5583220CB0FC1006A2730 /* TuioObject.cpp in Sources */ = {isa = PBXBuildFile; fileRef = 43E557D920CB0FC1006A2730 /* TuioObject.cpp */; };
		43E5583320CB0FC1006A2730 /* TuioObject.cpp in Sources */ = {isa = PBXBuildFile; fileRef = 43E557D920CB0FC1006A2730 /* TuioObject.cpp */; };
		43E5583420CB0FC1006A2730 /* TuioObject.cpp in Sources */ = {isa = PBXBuildFile; fileRef = 43E557D920CB0FC1006A2730 /* TuioObject.cpp */; };
		43E5583520CB0FC1006A2730 /* TuioPoint.cpp in Sources */ = {isa = PBXBuildFile; fileRef = 43E557DB20CB0FC1006A2730 /* TuioPoint.cpp */; };
		43E5583620CB0FC1006A2730 /* TuioPoint.cpp in Sources */ = {isa = PBXBuildFile; fileRef = 43E557DB20CB0FC1006A2730 /* TuioPoint.cpp */; };
		43E5583720CB0FC1006A2730 /* TuioPoint.cpp in Sources */ = {isa = PBXBuildFile; fileRef = 43E557DB20CB0FC1006A2730 /* TuioPoint.cpp */; };
		43E5583820CB0FC1006A2730 /* TuioServer.cpp in Sources */ = {isa = PBXBuildFile; fileRef = 43E557DD20CB0FC1006A2730 /* TuioServer.cpp */; };
		43E5583920CB0FC1006A2730 /* TuioServer.cpp in Sources */ = {isa = PBXBuildFile; fileRef = 43E557DD20CB0FC1006A2730 /* TuioServer.cpp */; };
		43E5583A20CB0FC1006A2730 /* TuioServer.cpp in Sources */ = {isa = PBXBuildFile; fileRef = 43E557DD20CB0FC1006A2730 /* TuioServer.cpp */; };
		43E5583B20CB0FC1006A2730 /* TuioTime.cpp in Sources */ = {isa = PBXBuildFile; fileRef = 43E557DF20CB0FC1006A2730 /* TuioTime.cpp */; };
		43E5583C20CB0FC1006A2730 /* TuioTime.cpp in Sources */ = {isa = PBXBuildFile; fileRef = 43E557DF20CB0FC1006A2730 /* TuioTime.cpp */; };
		43E5583D20CB0FC1006A2730 /* TuioTime.cpp in Sources */ = {isa = PBXBuildFile; fileRef = 43E557DF20CB0FC1006A2730 /* TuioTime.cpp */; };
		43E5583E20CB0FC1006A2730 /* UdpReceiver.cpp in Sources */ = {isa = PBXBuildFile; fileRef = 43E557E120CB0FC1006A2730 /* UdpReceiver.cpp */; };
		43E5583F20CB0FC1006A2730 /* UdpReceiver.cpp in Sources */ = {isa = PBXBuildFile; fileRef = 43E557E120CB0FC1006A2730 /* UdpReceiver.cpp */; };
		43E5584020CB0FC1006A2730 /* UdpReceiver.cpp in Sources */ = {isa = PBXBuildFile; fileRef = 43E557E120CB0FC1006A2730 /* UdpReceiver.cpp */; };
		43E5584120CB0FC1006A2730 /* UdpSender.cpp in Sources */ = {isa = PBXBuildFile; fileRef = 43E557E320CB0FC1006A2730 /* UdpSender.cpp */; };
		43E5584220CB0FC1006A2730 /* UdpSender.cpp in Sources */ = {isa = PBXBuildFile; fileRef = 43E557E320CB0FC1006A2730 /* UdpSender.cpp */; };
		43E5584320CB0FC1006A2730 /* UdpSender.cpp in Sources */ = {isa = PBXBuildFile; fileRef = 43E557E320CB0FC1006A2730 /* UdpSender.cpp */; };
		43E5584420CB0FC1006A2730 /* WebSockSender.cpp in Sources */ = {isa = PBXBuildFile; fileRef = 43E557E520CB0FC1006A2730 /* WebSockSender.cpp */; };
		43E5584520CB0FC1006A2730 /* WebSockSender.cpp in Sources */ = {isa = PBXBuildFile; fileRef = 43E557E520CB0FC1006A2730 /* WebSockSender.cpp */; };
		43E5584620CB0FC1006A2730 /* WebSockSender.cpp in Sources */ = {isa = PBXBuildFile; fileRef = 43E557E520CB0FC1006A2730 /* WebSockSender.cpp */; };
/* End PBXBuildFile section */

/* Begin PBXContainerItemProxy section */
		435164BE20B617CF00A88CBD /* PBXContainerItemProxy */ = {
			isa = PBXContainerItemProxy;
			containerPortal = 435164A120B617CD00A88CBD /* Project object */;
			proxyType = 1;
			remoteGlobalIDString = 435164A820B617CE00A88CBD;
			remoteInfo = FlightController;
		};
		435164C920B617CF00A88CBD /* PBXContainerItemProxy */ = {
			isa = PBXContainerItemProxy;
			containerPortal = 435164A120B617CD00A88CBD /* Project object */;
			proxyType = 1;
			remoteGlobalIDString = 435164A820B617CE00A88CBD;
			remoteInfo = FlightController;
		};
/* End PBXContainerItemProxy section */

/* Begin PBXFileReference section */
		435164A920B617CE00A88CBD /* FlightController.app */ = {isa = PBXFileReference; explicitFileType = wrapper.application; includeInIndex = 0; path = FlightController.app; sourceTree = BUILT_PRODUCTS_DIR; };
		435164AC20B617CE00A88CBD /* AppDelegate.swift */ = {isa = PBXFileReference; lastKnownFileType = sourcecode.swift; path = AppDelegate.swift; sourceTree = "<group>"; };
		435164AE20B617CE00A88CBD /* ViewController.swift */ = {isa = PBXFileReference; lastKnownFileType = sourcecode.swift; path = ViewController.swift; sourceTree = "<group>"; };
		435164B120B617CE00A88CBD /* Base */ = {isa = PBXFileReference; lastKnownFileType = file.storyboard; name = Base; path = Base.lproj/Main.storyboard; sourceTree = "<group>"; };
		435164B320B617CF00A88CBD /* Assets.xcassets */ = {isa = PBXFileReference; lastKnownFileType = folder.assetcatalog; path = Assets.xcassets; sourceTree = "<group>"; };
		435164B620B617CF00A88CBD /* Base */ = {isa = PBXFileReference; lastKnownFileType = file.storyboard; name = Base; path = Base.lproj/LaunchScreen.storyboard; sourceTree = "<group>"; };
		435164B820B617CF00A88CBD /* Info.plist */ = {isa = PBXFileReference; lastKnownFileType = text.plist.xml; path = Info.plist; sourceTree = "<group>"; };
		435164BD20B617CF00A88CBD /* FlightControllerTests.xctest */ = {isa = PBXFileReference; explicitFileType = wrapper.cfbundle; includeInIndex = 0; path = FlightControllerTests.xctest; sourceTree = BUILT_PRODUCTS_DIR; };
		435164C120B617CF00A88CBD /* FlightControllerTests.swift */ = {isa = PBXFileReference; lastKnownFileType = sourcecode.swift; path = FlightControllerTests.swift; sourceTree = "<group>"; };
		435164C320B617CF00A88CBD /* Info.plist */ = {isa = PBXFileReference; lastKnownFileType = text.plist.xml; path = Info.plist; sourceTree = "<group>"; };
		435164C820B617CF00A88CBD /* FlightControllerUITests.xctest */ = {isa = PBXFileReference; explicitFileType = wrapper.cfbundle; includeInIndex = 0; path = FlightControllerUITests.xctest; sourceTree = BUILT_PRODUCTS_DIR; };
		435164CC20B617CF00A88CBD /* FlightControllerUITests.swift */ = {isa = PBXFileReference; lastKnownFileType = sourcecode.swift; path = FlightControllerUITests.swift; sourceTree = "<group>"; };
		435164CE20B617CF00A88CBD /* Info.plist */ = {isa = PBXFileReference; lastKnownFileType = text.plist.xml; path = Info.plist; sourceTree = "<group>"; };
		43E5579720CB0699006A2730 /* TuioServerBridge.h */ = {isa = PBXFileReference; lastKnownFileType = sourcecode.c.h; path = TuioServerBridge.h; sourceTree = "<group>"; };
		43E5579820CB06B1006A2730 /* FlightControllerTests-Bridging-Header.h */ = {isa = PBXFileReference; lastKnownFileType = sourcecode.c.h; path = "FlightControllerTests-Bridging-Header.h"; sourceTree = "<group>"; };
		43E5579920CB06B1006A2730 /* FlightControllerUITests-Bridging-Header.h */ = {isa = PBXFileReference; lastKnownFileType = sourcecode.c.h; path = "FlightControllerUITests-Bridging-Header.h"; sourceTree = "<group>"; };
		43E5579A20CB06B2006A2730 /* TuioServerBridge.mm */ = {isa = PBXFileReference; lastKnownFileType = sourcecode.cpp.objcpp; path = TuioServerBridge.mm; sourceTree = "<group>"; };
		43E5579E20CB0B69006A2730 /* FlightController-Bridging-Header.h */ = {isa = PBXFileReference; lastKnownFileType = sourcecode.c.h; path = "FlightController-Bridging-Header.h"; sourceTree = "<group>"; };
		43E557A020CB0FC1006A2730 /* CHANGES */ = {isa = PBXFileReference; fileEncoding = 4; lastKnownFileType = text; path = CHANGES; sourceTree = "<group>"; };
		43E557A220CB0FC1006A2730 /* IpEndpointName.cpp */ = {isa = PBXFileReference; fileEncoding = 4; lastKnownFileType = sourcecode.cpp.cpp; path = IpEndpointName.cpp; sourceTree = "<group>"; };
		43E557A320CB0FC1006A2730 /* IpEndpointName.h */ = {isa = PBXFileReference; fileEncoding = 4; lastKnownFileType = sourcecode.c.h; path = IpEndpointName.h; sourceTree = "<group>"; };
		43E557A420CB0FC1006A2730 /* NetworkingUtils.h */ = {isa = PBXFileReference; fileEncoding = 4; lastKnownFileType = sourcecode.c.h; path = NetworkingUtils.h; sourceTree = "<group>"; };
		43E557A520CB0FC1006A2730 /* PacketListener.h */ = {isa = PBXFileReference; fileEncoding = 4; lastKnownFileType = sourcecode.c.h; path = PacketListener.h; sourceTree = "<group>"; };
		43E557A720CB0FC1006A2730 /* NetworkingUtils.cpp */ = {isa = PBXFileReference; fileEncoding = 4; lastKnownFileType = sourcecode.cpp.cpp; path = NetworkingUtils.cpp; sourceTree = "<group>"; };
		43E557A820CB0FC1006A2730 /* UdpSocket.cpp */ = {isa = PBXFileReference; fileEncoding = 4; lastKnownFileType = sourcecode.cpp.cpp; path = UdpSocket.cpp; sourceTree = "<group>"; };
		43E557A920CB0FC1006A2730 /* TimerListener.h */ = {isa = PBXFileReference; fileEncoding = 4; lastKnownFileType = sourcecode.c.h; path = TimerListener.h; sourceTree = "<group>"; };
		43E557AA20CB0FC1006A2730 /* UdpSocket.h */ = {isa = PBXFileReference; fileEncoding = 4; lastKnownFileType = sourcecode.c.h; path = UdpSocket.h; sourceTree = "<group>"; };
		43E557AE20CB0FC1006A2730 /* LICENSE */ = {isa = PBXFileReference; fileEncoding = 4; lastKnownFileType = text; path = LICENSE; sourceTree = "<group>"; };
		43E557B020CB0FC1006A2730 /* MessageMappingOscPacketListener.h */ = {isa = PBXFileReference; fileEncoding = 4; lastKnownFileType = sourcecode.c.h; path = MessageMappingOscPacketListener.h; sourceTree = "<group>"; };
		43E557B120CB0FC1006A2730 /* OscException.h */ = {isa = PBXFileReference; fileEncoding = 4; lastKnownFileType = sourcecode.c.h; path = OscException.h; sourceTree = "<group>"; };
		43E557B220CB0FC1006A2730 /* OscHostEndianness.h */ = {isa = PBXFileReference; fileEncoding = 4; lastKnownFileType = sourcecode.c.h; path = OscHostEndianness.h; sourceTree = "<group>"; };
		43E557B320CB0FC1006A2730 /* OscOutboundPacketStream.cpp */ = {isa = PBXFileReference; fileEncoding = 4; lastKnownFileType = sourcecode.cpp.cpp; path = OscOutboundPacketStream.cpp; sourceTree = "<group>"; };
		43E557B420CB0FC1006A2730 /* OscOutboundPacketStream.h */ = {isa = PBXFileReference; fileEncoding = 4; lastKnownFileType = sourcecode.c.h; path = OscOutboundPacketStream.h; sourceTree = "<group>"; };
		43E557B520CB0FC1006A2730 /* OscPacketListener.h */ = {isa = PBXFileReference; fileEncoding = 4; lastKnownFileType = sourcecode.c.h; path = OscPacketListener.h; sourceTree = "<group>"; };
		43E557B620CB0FC1006A2730 /* OscPrintReceivedElements.cpp */ = {isa = PBXFileReference; fileEncoding = 4; lastKnownFileType = sourcecode.cpp.cpp; path = OscPrintReceivedElements.cpp; sourceTree = "<group>"; };
		43E557B720CB0FC1006A2730 /* OscPrintReceivedElements.h */ = {isa = PBXFileReference; fileEncoding = 4; lastKnownFileType = sourcecode.c.h; path = OscPrintReceivedElements.h; sourceTree = "<group>"; };
		43E557B820CB0FC1006A2730 /* OscReceivedElements.cpp */ = {isa = PBXFileReference; fileEncoding = 4; lastKnownFileType = sourcecode.cpp.cpp; path = OscReceivedElements.cpp; sourceTree = "<group>"; };
		43E557B920CB0FC1006A2730 /* OscReceivedElements.h */ = {isa = PBXFileReference; fileEncoding = 4; lastKnownFileType = sourcecode.c.h; path = OscReceivedElements.h; sourceTree = "<group>"; };
		43E557BA20CB0FC1006A2730 /* OscTypes.cpp */ = {isa = PBXFileReference; fileEncoding = 4; lastKnownFileType = sourcecode.cpp.cpp; path = OscTypes.cpp; sourceTree = "<group>"; };
		43E557BB20CB0FC1006A2730 /* OscTypes.h */ = {isa = PBXFileReference; fileEncoding = 4; lastKnownFileType = sourcecode.c.h; path = OscTypes.h; sourceTree = "<group>"; };
		43E557BC20CB0FC1006A2730 /* README */ = {isa = PBXFileReference; fileEncoding = 4; lastKnownFileType = text; path = README; sourceTree = "<group>"; };
		43E557BD20CB0FC1006A2730 /* TODO */ = {isa = PBXFileReference; fileEncoding = 4; lastKnownFileType = text; path = TODO; sourceTree = "<group>"; };
		43E557BF20CB0FC1006A2730 /* Doxyfile */ = {isa = PBXFileReference; fileEncoding = 4; lastKnownFileType = text; path = Doxyfile; sourceTree = "<group>"; };
		43E557C020CB0FC1006A2730 /* FlashSender.cpp */ = {isa = PBXFileReference; fileEncoding = 4; lastKnownFileType = sourcecode.cpp.cpp; path = FlashSender.cpp; sourceTree = "<group>"; };
		43E557C120CB0FC1006A2730 /* FlashSender.h */ = {isa = PBXFileReference; fileEncoding = 4; lastKnownFileType = sourcecode.c.h; path = FlashSender.h; sourceTree = "<group>"; };
		43E557C220CB0FC1006A2730 /* LibExport.h */ = {isa = PBXFileReference; fileEncoding = 4; lastKnownFileType = sourcecode.c.h; path = LibExport.h; sourceTree = "<group>"; };
		43E557C320CB0FC1006A2730 /* OneEuroFilter.cpp */ = {isa = PBXFileReference; fileEncoding = 4; lastKnownFileType = sourcecode.cpp.cpp; path = OneEuroFilter.cpp; sourceTree = "<group>"; };
		43E557C420CB0FC1006A2730 /* OneEuroFilter.h */ = {isa = PBXFileReference; fileEncoding = 4; lastKnownFileType = sourcecode.c.h; path = OneEuroFilter.h; sourceTree = "<group>"; };
		43E557C520CB0FC1006A2730 /* OscReceiver.cpp */ = {isa = PBXFileReference; fileEncoding = 4; lastKnownFileType = sourcecode.cpp.cpp; path = OscReceiver.cpp; sourceTree = "<group>"; };
		43E557C620CB0FC1006A2730 /* OscReceiver.h */ = {isa = PBXFileReference; fileEncoding = 4; lastKnownFileType = sourcecode.c.h; path = OscReceiver.h; sourceTree = "<group>"; };
		43E557C720CB0FC1006A2730 /* OscSender.h */ = {isa = PBXFileReference; fileEncoding = 4; lastKnownFileType = sourcecode.c.h; path = OscSender.h; sourceTree = "<group>"; };
		43E557C820CB0FC1006A2730 /* TcpReceiver.cpp */ = {isa = PBXFileReference; fileEncoding = 4; lastKnownFileType = sourcecode.cpp.cpp; path = TcpReceiver.cpp; sourceTree = "<group>"; };
		43E557C920CB0FC1006A2730 /* TcpReceiver.h */ = {isa = PBXFileReference; fileEncoding = 4; lastKnownFileType = sourcecode.c.h; path = TcpReceiver.h; sourceTree = "<group>"; };
		43E557CA20CB0FC1006A2730 /* TcpSender.cpp */ = {isa = PBXFileReference; fileEncoding = 4; lastKnownFileType = sourcecode.cpp.cpp; path = TcpSender.cpp; sourceTree = "<group>"; };
		43E557CB20CB0FC1006A2730 /* TcpSender.h */ = {isa = PBXFileReference; fileEncoding = 4; lastKnownFileType = sourcecode.c.h; path = TcpSender.h; sourceTree = "<group>"; };
		43E557CC20CB0FC1006A2730 /* TuioBlob.cpp */ = {isa = PBXFileReference; fileEncoding = 4; lastKnownFileType = sourcecode.cpp.cpp; path = TuioBlob.cpp; sourceTree = "<group>"; };
		43E557CD20CB0FC1006A2730 /* TuioBlob.h */ = {isa = PBXFileReference; fileEncoding = 4; lastKnownFileType = sourcecode.c.h; path = TuioBlob.h; sourceTree = "<group>"; };
		43E557CE20CB0FC1006A2730 /* TuioClient.cpp */ = {isa = PBXFileReference; fileEncoding = 4; lastKnownFileType = sourcecode.cpp.cpp; path = TuioClient.cpp; sourceTree = "<group>"; };
		43E557CF20CB0FC1006A2730 /* TuioClient.h */ = {isa = PBXFileReference; fileEncoding = 4; lastKnownFileType = sourcecode.c.h; path = TuioClient.h; sourceTree = "<group>"; };
		43E557D020CB0FC1006A2730 /* TuioContainer.cpp */ = {isa = PBXFileReference; fileEncoding = 4; lastKnownFileType = sourcecode.cpp.cpp; path = TuioContainer.cpp; sourceTree = "<group>"; };
		43E557D120CB0FC1006A2730 /* TuioContainer.h */ = {isa = PBXFileReference; fileEncoding = 4; lastKnownFileType = sourcecode.c.h; path = TuioContainer.h; sourceTree = "<group>"; };
		43E557D220CB0FC1006A2730 /* TuioCursor.cpp */ = {isa = PBXFileReference; fileEncoding = 4; lastKnownFileType = sourcecode.cpp.cpp; path = TuioCursor.cpp; sourceTree = "<group>"; };
		43E557D320CB0FC1006A2730 /* TuioCursor.h */ = {isa = PBXFileReference; fileEncoding = 4; lastKnownFileType = sourcecode.c.h; path = TuioCursor.h; sourceTree = "<group>"; };
		43E557D420CB0FC1006A2730 /* TuioDispatcher.cpp */ = {isa = PBXFileReference; fileEncoding = 4; lastKnownFileType = sourcecode.cpp.cpp; path = TuioDispatcher.cpp; sourceTree = "<group>"; };
		43E557D520CB0FC1006A2730 /* TuioDispatcher.h */ = {isa = PBXFileReference; fileEncoding = 4; lastKnownFileType = sourcecode.c.h; path = TuioDispatcher.h; sourceTree = "<group>"; };
		43E557D620CB0FC1006A2730 /* TuioListener.h */ = {isa = PBXFileReference; fileEncoding = 4; lastKnownFileType = sourcecode.c.h; path = TuioListener.h; sourceTree = "<group>"; };
		43E557D720CB0FC1006A2730 /* TuioManager.cpp */ = {isa = PBXFileReference; fileEncoding = 4; lastKnownFileType = sourcecode.cpp.cpp; path = TuioManager.cpp; sourceTree = "<group>"; };
		43E557D820CB0FC1006A2730 /* TuioManager.h */ = {isa = PBXFileReference; fileEncoding = 4; lastKnownFileType = sourcecode.c.h; path = TuioManager.h; sourceTree = "<group>"; };
		43E557D920CB0FC1006A2730 /* TuioObject.cpp */ = {isa = PBXFileReference; fileEncoding = 4; lastKnownFileType = sourcecode.cpp.cpp; path = TuioObject.cpp; sourceTree = "<group>"; };
		43E557DA20CB0FC1006A2730 /* TuioObject.h */ = {isa = PBXFileReference; fileEncoding = 4; lastKnownFileType = sourcecode.c.h; path = TuioObject.h; sourceTree = "<group>"; };
		43E557DB20CB0FC1006A2730 /* TuioPoint.cpp */ = {isa = PBXFileReference; fileEncoding = 4; lastKnownFileType = sourcecode.cpp.cpp; path = TuioPoint.cpp; sourceTree = "<group>"; };
		43E557DC20CB0FC1006A2730 /* TuioPoint.h */ = {isa = PBXFileReference; fileEncoding = 4; lastKnownFileType = sourcecode.c.h; path = TuioPoint.h; sourceTree = "<group>"; };
		43E557DD20CB0FC1006A2730 /* TuioServer.cpp */ = {isa = PBXFileReference; fileEncoding = 4; lastKnownFileType = sourcecode.cpp.cpp; path = TuioServer.cpp; sourceTree = "<group>"; };
		43E557DE20CB0FC1006A2730 /* TuioServer.h */ = {isa = PBXFileReference; fileEncoding = 4; lastKnownFileType = sourcecode.c.h; path = TuioServer.h; sourceTree = "<group>"; };
		43E557DF20CB0FC1006A2730 /* TuioTime.cpp */ = {isa = PBXFileReference; fileEncoding = 4; lastKnownFileType = sourcecode.cpp.cpp; path = TuioTime.cpp; sourceTree = "<group>"; };
		43E557E020CB0FC1006A2730 /* TuioTime.h */ = {isa = PBXFileReference; fileEncoding = 4; lastKnownFileType = sourcecode.c.h; path = TuioTime.h; sourceTree = "<group>"; };
		43E557E120CB0FC1006A2730 /* UdpReceiver.cpp */ = {isa = PBXFileReference; fileEncoding = 4; lastKnownFileType = sourcecode.cpp.cpp; path = UdpReceiver.cpp; sourceTree = "<group>"; };
		43E557E220CB0FC1006A2730 /* UdpReceiver.h */ = {isa = PBXFileReference; fileEncoding = 4; lastKnownFileType = sourcecode.c.h; path = UdpReceiver.h; sourceTree = "<group>"; };
		43E557E320CB0FC1006A2730 /* UdpSender.cpp */ = {isa = PBXFileReference; fileEncoding = 4; lastKnownFileType = sourcecode.cpp.cpp; path = UdpSender.cpp; sourceTree = "<group>"; };
		43E557E420CB0FC1006A2730 /* UdpSender.h */ = {isa = PBXFileReference; fileEncoding = 4; lastKnownFileType = sourcecode.c.h; path = UdpSender.h; sourceTree = "<group>"; };
		43E557E520CB0FC1006A2730 /* WebSockSender.cpp */ = {isa = PBXFileReference; fileEncoding = 4; lastKnownFileType = sourcecode.cpp.cpp; path = WebSockSender.cpp; sourceTree = "<group>"; };
		43E557E620CB0FC1006A2730 /* WebSockSender.h */ = {isa = PBXFileReference; fileEncoding = 4; lastKnownFileType = sourcecode.c.h; path = WebSockSender.h; sourceTree = "<group>"; };
/* End PBXFileReference section */

/* Begin PBXFrameworksBuildPhase section */
		435164A620B617CE00A88CBD /* Frameworks */ = {
			isa = PBXFrameworksBuildPhase;
			buildActionMask = 2147483647;
			files = (
			);
			runOnlyForDeploymentPostprocessing = 0;
		};
		435164BA20B617CF00A88CBD /* Frameworks */ = {
			isa = PBXFrameworksBuildPhase;
			buildActionMask = 2147483647;
			files = (
			);
			runOnlyForDeploymentPostprocessing = 0;
		};
		435164C520B617CF00A88CBD /* Frameworks */ = {
			isa = PBXFrameworksBuildPhase;
			buildActionMask = 2147483647;
			files = (
			);
			runOnlyForDeploymentPostprocessing = 0;
		};
/* End PBXFrameworksBuildPhase section */

/* Begin PBXGroup section */
		435164A020B617CD00A88CBD = {
			isa = PBXGroup;
			children = (
				435164AB20B617CE00A88CBD /* FlightController */,
				435164C020B617CF00A88CBD /* FlightControllerTests */,
				435164CB20B617CF00A88CBD /* FlightControllerUITests */,
				435164AA20B617CE00A88CBD /* Products */,
			);
			sourceTree = "<group>";
		};
		435164AA20B617CE00A88CBD /* Products */ = {
			isa = PBXGroup;
			children = (
				435164A920B617CE00A88CBD /* FlightController.app */,
				435164BD20B617CF00A88CBD /* FlightControllerTests.xctest */,
				435164C820B617CF00A88CBD /* FlightControllerUITests.xctest */,
			);
			name = Products;
			sourceTree = "<group>";
		};
		435164AB20B617CE00A88CBD /* FlightController */ = {
			isa = PBXGroup;
			children = (
				435164AC20B617CE00A88CBD /* AppDelegate.swift */,
				435164AE20B617CE00A88CBD /* ViewController.swift */,
				435164B020B617CE00A88CBD /* Main.storyboard */,
				435164B320B617CF00A88CBD /* Assets.xcassets */,
				435164B520B617CF00A88CBD /* LaunchScreen.storyboard */,
				435164B820B617CF00A88CBD /* Info.plist */,
				43E5568020CB0092006A2730 /* ext */,
				43E5579720CB0699006A2730 /* TuioServerBridge.h */,
				43E5579A20CB06B2006A2730 /* TuioServerBridge.mm */,
				43E5579E20CB0B69006A2730 /* FlightController-Bridging-Header.h */,
				43E5579820CB06B1006A2730 /* FlightControllerTests-Bridging-Header.h */,
				43E5579920CB06B1006A2730 /* FlightControllerUITests-Bridging-Header.h */,
			);
			path = FlightController;
			sourceTree = "<group>";
		};
		435164C020B617CF00A88CBD /* FlightControllerTests */ = {
			isa = PBXGroup;
			children = (
				435164C120B617CF00A88CBD /* FlightControllerTests.swift */,
				435164C320B617CF00A88CBD /* Info.plist */,
			);
			path = FlightControllerTests;
			sourceTree = "<group>";
		};
		435164CB20B617CF00A88CBD /* FlightControllerUITests */ = {
			isa = PBXGroup;
			children = (
				435164CC20B617CF00A88CBD /* FlightControllerUITests.swift */,
				435164CE20B617CF00A88CBD /* Info.plist */,
			);
			path = FlightControllerUITests;
			sourceTree = "<group>";
		};
		43E5568020CB0092006A2730 /* ext */ = {
			isa = PBXGroup;
			children = (
				43E5579F20CB0FC1006A2730 /* oscpack */,
				43E557BE20CB0FC1006A2730 /* TUIO */,
			);
			path = ext;
			sourceTree = "<group>";
		};
		43E5579F20CB0FC1006A2730 /* oscpack */ = {
			isa = PBXGroup;
			children = (
				43E557A020CB0FC1006A2730 /* CHANGES */,
				43E557A120CB0FC1006A2730 /* ip */,
				43E557AE20CB0FC1006A2730 /* LICENSE */,
				43E557AF20CB0FC1006A2730 /* osc */,
				43E557BC20CB0FC1006A2730 /* README */,
				43E557BD20CB0FC1006A2730 /* TODO */,
			);
			name = oscpack;
			path = TUIO11_CPP/oscpack;
			sourceTree = "<group>";
		};
		43E557A120CB0FC1006A2730 /* ip */ = {
			isa = PBXGroup;
			children = (
				43E557A220CB0FC1006A2730 /* IpEndpointName.cpp */,
				43E557A320CB0FC1006A2730 /* IpEndpointName.h */,
				43E557A420CB0FC1006A2730 /* NetworkingUtils.h */,
				43E557A520CB0FC1006A2730 /* PacketListener.h */,
				43E557A620CB0FC1006A2730 /* posix */,
				43E557A920CB0FC1006A2730 /* TimerListener.h */,
				43E557AA20CB0FC1006A2730 /* UdpSocket.h */,
			);
			path = ip;
			sourceTree = "<group>";
		};
		43E557A620CB0FC1006A2730 /* posix */ = {
			isa = PBXGroup;
			children = (
				43E557A720CB0FC1006A2730 /* NetworkingUtils.cpp */,
				43E557A820CB0FC1006A2730 /* UdpSocket.cpp */,
			);
			path = posix;
			sourceTree = "<group>";
		};
		43E557AF20CB0FC1006A2730 /* osc */ = {
			isa = PBXGroup;
			children = (
				43E557B020CB0FC1006A2730 /* MessageMappingOscPacketListener.h */,
				43E557B120CB0FC1006A2730 /* OscException.h */,
				43E557B220CB0FC1006A2730 /* OscHostEndianness.h */,
				43E557B320CB0FC1006A2730 /* OscOutboundPacketStream.cpp */,
				43E557B420CB0FC1006A2730 /* OscOutboundPacketStream.h */,
				43E557B520CB0FC1006A2730 /* OscPacketListener.h */,
				43E557B620CB0FC1006A2730 /* OscPrintReceivedElements.cpp */,
				43E557B720CB0FC1006A2730 /* OscPrintReceivedElements.h */,
				43E557B820CB0FC1006A2730 /* OscReceivedElements.cpp */,
				43E557B920CB0FC1006A2730 /* OscReceivedElements.h */,
				43E557BA20CB0FC1006A2730 /* OscTypes.cpp */,
				43E557BB20CB0FC1006A2730 /* OscTypes.h */,
			);
			path = osc;
			sourceTree = "<group>";
		};
		43E557BE20CB0FC1006A2730 /* TUIO */ = {
			isa = PBXGroup;
			children = (
				43E557BF20CB0FC1006A2730 /* Doxyfile */,
				43E557C020CB0FC1006A2730 /* FlashSender.cpp */,
				43E557C120CB0FC1006A2730 /* FlashSender.h */,
				43E557C220CB0FC1006A2730 /* LibExport.h */,
				43E557C320CB0FC1006A2730 /* OneEuroFilter.cpp */,
				43E557C420CB0FC1006A2730 /* OneEuroFilter.h */,
				43E557C520CB0FC1006A2730 /* OscReceiver.cpp */,
				43E557C620CB0FC1006A2730 /* OscReceiver.h */,
				43E557C720CB0FC1006A2730 /* OscSender.h */,
				43E557C820CB0FC1006A2730 /* TcpReceiver.cpp */,
				43E557C920CB0FC1006A2730 /* TcpReceiver.h */,
				43E557CA20CB0FC1006A2730 /* TcpSender.cpp */,
				43E557CB20CB0FC1006A2730 /* TcpSender.h */,
				43E557CC20CB0FC1006A2730 /* TuioBlob.cpp */,
				43E557CD20CB0FC1006A2730 /* TuioBlob.h */,
				43E557CE20CB0FC1006A2730 /* TuioClient.cpp */,
				43E557CF20CB0FC1006A2730 /* TuioClient.h */,
				43E557D020CB0FC1006A2730 /* TuioContainer.cpp */,
				43E557D120CB0FC1006A2730 /* TuioContainer.h */,
				43E557D220CB0FC1006A2730 /* TuioCursor.cpp */,
				43E557D320CB0FC1006A2730 /* TuioCursor.h */,
				43E557D420CB0FC1006A2730 /* TuioDispatcher.cpp */,
				43E557D520CB0FC1006A2730 /* TuioDispatcher.h */,
				43E557D620CB0FC1006A2730 /* TuioListener.h */,
				43E557D720CB0FC1006A2730 /* TuioManager.cpp */,
				43E557D820CB0FC1006A2730 /* TuioManager.h */,
				43E557D920CB0FC1006A2730 /* TuioObject.cpp */,
				43E557DA20CB0FC1006A2730 /* TuioObject.h */,
				43E557DB20CB0FC1006A2730 /* TuioPoint.cpp */,
				43E557DC20CB0FC1006A2730 /* TuioPoint.h */,
				43E557DD20CB0FC1006A2730 /* TuioServer.cpp */,
				43E557DE20CB0FC1006A2730 /* TuioServer.h */,
				43E557DF20CB0FC1006A2730 /* TuioTime.cpp */,
				43E557E020CB0FC1006A2730 /* TuioTime.h */,
				43E557E120CB0FC1006A2730 /* UdpReceiver.cpp */,
				43E557E220CB0FC1006A2730 /* UdpReceiver.h */,
				43E557E320CB0FC1006A2730 /* UdpSender.cpp */,
				43E557E420CB0FC1006A2730 /* UdpSender.h */,
				43E557E520CB0FC1006A2730 /* WebSockSender.cpp */,
				43E557E620CB0FC1006A2730 /* WebSockSender.h */,
			);
			name = TUIO;
			path = TUIO11_CPP/TUIO;
			sourceTree = "<group>";
		};
/* End PBXGroup section */

/* Begin PBXNativeTarget section */
		435164A820B617CE00A88CBD /* FlightController */ = {
			isa = PBXNativeTarget;
			buildConfigurationList = 435164D120B617CF00A88CBD /* Build configuration list for PBXNativeTarget "FlightController" */;
			buildPhases = (
				435164A520B617CE00A88CBD /* Sources */,
				435164A620B617CE00A88CBD /* Frameworks */,
				435164A720B617CE00A88CBD /* Resources */,
			);
			buildRules = (
			);
			dependencies = (
			);
			name = FlightController;
			productName = FlightController;
			productReference = 435164A920B617CE00A88CBD /* FlightController.app */;
			productType = "com.apple.product-type.application";
		};
		435164BC20B617CF00A88CBD /* FlightControllerTests */ = {
			isa = PBXNativeTarget;
			buildConfigurationList = 435164D420B617CF00A88CBD /* Build configuration list for PBXNativeTarget "FlightControllerTests" */;
			buildPhases = (
				435164B920B617CF00A88CBD /* Sources */,
				435164BA20B617CF00A88CBD /* Frameworks */,
				435164BB20B617CF00A88CBD /* Resources */,
			);
			buildRules = (
			);
			dependencies = (
				435164BF20B617CF00A88CBD /* PBXTargetDependency */,
			);
			name = FlightControllerTests;
			productName = FlightControllerTests;
			productReference = 435164BD20B617CF00A88CBD /* FlightControllerTests.xctest */;
			productType = "com.apple.product-type.bundle.unit-test";
		};
		435164C720B617CF00A88CBD /* FlightControllerUITests */ = {
			isa = PBXNativeTarget;
			buildConfigurationList = 435164D720B617CF00A88CBD /* Build configuration list for PBXNativeTarget "FlightControllerUITests" */;
			buildPhases = (
				435164C420B617CF00A88CBD /* Sources */,
				435164C520B617CF00A88CBD /* Frameworks */,
				435164C620B617CF00A88CBD /* Resources */,
			);
			buildRules = (
			);
			dependencies = (
				435164CA20B617CF00A88CBD /* PBXTargetDependency */,
			);
			name = FlightControllerUITests;
			productName = FlightControllerUITests;
			productReference = 435164C820B617CF00A88CBD /* FlightControllerUITests.xctest */;
			productType = "com.apple.product-type.bundle.ui-testing";
		};
/* End PBXNativeTarget section */

/* Begin PBXProject section */
		435164A120B617CD00A88CBD /* Project object */ = {
			isa = PBXProject;
			attributes = {
				LastSwiftUpdateCheck = 0930;
				LastUpgradeCheck = 0940;
				ORGANIZATIONNAME = OpenSpace;
				TargetAttributes = {
					435164A820B617CE00A88CBD = {
						CreatedOnToolsVersion = 9.3.1;
					};
					435164BC20B617CF00A88CBD = {
						CreatedOnToolsVersion = 9.3.1;
						LastSwiftMigration = 0940;
						TestTargetID = 435164A820B617CE00A88CBD;
					};
					435164C720B617CF00A88CBD = {
						CreatedOnToolsVersion = 9.3.1;
						LastSwiftMigration = 0940;
						TestTargetID = 435164A820B617CE00A88CBD;
					};
				};
			};
			buildConfigurationList = 435164A420B617CD00A88CBD /* Build configuration list for PBXProject "FlightController" */;
			compatibilityVersion = "Xcode 9.3";
			developmentRegion = en;
			hasScannedForEncodings = 0;
			knownRegions = (
				en,
				Base,
				English,
			);
			mainGroup = 435164A020B617CD00A88CBD;
			productRefGroup = 435164AA20B617CE00A88CBD /* Products */;
			projectDirPath = "";
			projectRoot = "";
			targets = (
				435164A820B617CE00A88CBD /* FlightController */,
				435164BC20B617CF00A88CBD /* FlightControllerTests */,
				435164C720B617CF00A88CBD /* FlightControllerUITests */,
			);
		};
/* End PBXProject section */

/* Begin PBXResourcesBuildPhase section */
		435164A720B617CE00A88CBD /* Resources */ = {
			isa = PBXResourcesBuildPhase;
			buildActionMask = 2147483647;
			files = (
				43E5580820CB0FC1006A2730 /* README in Resources */,
				43E557E720CB0FC1006A2730 /* CHANGES in Resources */,
				435164B720B617CF00A88CBD /* LaunchScreen.storyboard in Resources */,
				435164B420B617CF00A88CBD /* Assets.xcassets in Resources */,
				43E5580E20CB0FC1006A2730 /* Doxyfile in Resources */,
				43E5580B20CB0FC1006A2730 /* TODO in Resources */,
				435164B220B617CE00A88CBD /* Main.storyboard in Resources */,
				43E557F920CB0FC1006A2730 /* LICENSE in Resources */,
			);
			runOnlyForDeploymentPostprocessing = 0;
		};
		435164BB20B617CF00A88CBD /* Resources */ = {
			isa = PBXResourcesBuildPhase;
			buildActionMask = 2147483647;
			files = (
				43E5580F20CB0FC1006A2730 /* Doxyfile in Resources */,
				43E5580920CB0FC1006A2730 /* README in Resources */,
				43E557FA20CB0FC1006A2730 /* LICENSE in Resources */,
				43E5580C20CB0FC1006A2730 /* TODO in Resources */,
				43E557E820CB0FC1006A2730 /* CHANGES in Resources */,
			);
			runOnlyForDeploymentPostprocessing = 0;
		};
		435164C620B617CF00A88CBD /* Resources */ = {
			isa = PBXResourcesBuildPhase;
			buildActionMask = 2147483647;
			files = (
				43E5581020CB0FC1006A2730 /* Doxyfile in Resources */,
				43E5580A20CB0FC1006A2730 /* README in Resources */,
				43E557FB20CB0FC1006A2730 /* LICENSE in Resources */,
				43E5580D20CB0FC1006A2730 /* TODO in Resources */,
				43E557E920CB0FC1006A2730 /* CHANGES in Resources */,
			);
			runOnlyForDeploymentPostprocessing = 0;
		};
/* End PBXResourcesBuildPhase section */

/* Begin PBXSourcesBuildPhase section */
		435164A520B617CE00A88CBD /* Sources */ = {
			isa = PBXSourcesBuildPhase;
			buildActionMask = 2147483647;
			files = (
				43E5583B20CB0FC1006A2730 /* TuioTime.cpp in Sources */,
				43E5582320CB0FC1006A2730 /* TuioClient.cpp in Sources */,
				43E5584420CB0FC1006A2730 /* WebSockSender.cpp in Sources */,
				43E5582620CB0FC1006A2730 /* TuioContainer.cpp in Sources */,
				43E5581420CB0FC1006A2730 /* OneEuroFilter.cpp in Sources */,
				43E5580220CB0FC1006A2730 /* OscReceivedElements.cpp in Sources */,
				43E5582920CB0FC1006A2730 /* TuioCursor.cpp in Sources */,
				43E5579B20CB06B2006A2730 /* TuioServerBridge.mm in Sources */,
				43E5583220CB0FC1006A2730 /* TuioObject.cpp in Sources */,
				43E5584120CB0FC1006A2730 /* UdpSender.cpp in Sources */,
				43E5581D20CB0FC1006A2730 /* TcpSender.cpp in Sources */,
				43E5581120CB0FC1006A2730 /* FlashSender.cpp in Sources */,
				43E5580520CB0FC1006A2730 /* OscTypes.cpp in Sources */,
				43E557ED20CB0FC1006A2730 /* NetworkingUtils.cpp in Sources */,
				435164AF20B617CE00A88CBD /* ViewController.swift in Sources */,
				43E5583E20CB0FC1006A2730 /* UdpReceiver.cpp in Sources */,
				43E557EA20CB0FC1006A2730 /* IpEndpointName.cpp in Sources */,
				43E557F020CB0FC1006A2730 /* UdpSocket.cpp in Sources */,
				43E5581720CB0FC1006A2730 /* OscReceiver.cpp in Sources */,
				43E557FC20CB0FC1006A2730 /* OscOutboundPacketStream.cpp in Sources */,
				43E5581A20CB0FC1006A2730 /* TcpReceiver.cpp in Sources */,
				43E5582C20CB0FC1006A2730 /* TuioDispatcher.cpp in Sources */,
				43E557FF20CB0FC1006A2730 /* OscPrintReceivedElements.cpp in Sources */,
				435164AD20B617CE00A88CBD /* AppDelegate.swift in Sources */,
				43E5583820CB0FC1006A2730 /* TuioServer.cpp in Sources */,
				43E5582F20CB0FC1006A2730 /* TuioManager.cpp in Sources */,
				43E5583520CB0FC1006A2730 /* TuioPoint.cpp in Sources */,
				43E5582020CB0FC1006A2730 /* TuioBlob.cpp in Sources */,
			);
			runOnlyForDeploymentPostprocessing = 0;
		};
		435164B920B617CF00A88CBD /* Sources */ = {
			isa = PBXSourcesBuildPhase;
			buildActionMask = 2147483647;
			files = (
				43E5580620CB0FC1006A2730 /* OscTypes.cpp in Sources */,
				43E5582420CB0FC1006A2730 /* TuioClient.cpp in Sources */,
				43E5583020CB0FC1006A2730 /* TuioManager.cpp in Sources */,
				43E5584520CB0FC1006A2730 /* WebSockSender.cpp in Sources */,
				43E5582A20CB0FC1006A2730 /* TuioCursor.cpp in Sources */,
				435164C220B617CF00A88CBD /* FlightControllerTests.swift in Sources */,
				43E5580320CB0FC1006A2730 /* OscReceivedElements.cpp in Sources */,
				43E5581520CB0FC1006A2730 /* OneEuroFilter.cpp in Sources */,
				43E557EE20CB0FC1006A2730 /* NetworkingUtils.cpp in Sources */,
				43E5583920CB0FC1006A2730 /* TuioServer.cpp in Sources */,
				43E5583320CB0FC1006A2730 /* TuioObject.cpp in Sources */,
				43E5582D20CB0FC1006A2730 /* TuioDispatcher.cpp in Sources */,
				43E557EB20CB0FC1006A2730 /* IpEndpointName.cpp in Sources */,
				43E5584220CB0FC1006A2730 /* UdpSender.cpp in Sources */,
				43E5581E20CB0FC1006A2730 /* TcpSender.cpp in Sources */,
				43E5583F20CB0FC1006A2730 /* UdpReceiver.cpp in Sources */,
				43E5581B20CB0FC1006A2730 /* TcpReceiver.cpp in Sources */,
				43E5582120CB0FC1006A2730 /* TuioBlob.cpp in Sources */,
				43E557F120CB0FC1006A2730 /* UdpSocket.cpp in Sources */,
				43E5583C20CB0FC1006A2730 /* TuioTime.cpp in Sources */,
				43E5580020CB0FC1006A2730 /* OscPrintReceivedElements.cpp in Sources */,
				43E5583620CB0FC1006A2730 /* TuioPoint.cpp in Sources */,
				43E557FD20CB0FC1006A2730 /* OscOutboundPacketStream.cpp in Sources */,
				43E5581820CB0FC1006A2730 /* OscReceiver.cpp in Sources */,
				43E5579C20CB06B2006A2730 /* TuioServerBridge.mm in Sources */,
				43E5582720CB0FC1006A2730 /* TuioContainer.cpp in Sources */,
				43E5581220CB0FC1006A2730 /* FlashSender.cpp in Sources */,
			);
			runOnlyForDeploymentPostprocessing = 0;
		};
		435164C420B617CF00A88CBD /* Sources */ = {
			isa = PBXSourcesBuildPhase;
			buildActionMask = 2147483647;
			files = (
				43E5580720CB0FC1006A2730 /* OscTypes.cpp in Sources */,
				43E5582520CB0FC1006A2730 /* TuioClient.cpp in Sources */,
				43E5583120CB0FC1006A2730 /* TuioManager.cpp in Sources */,
				43E5584620CB0FC1006A2730 /* WebSockSender.cpp in Sources */,
				43E5582B20CB0FC1006A2730 /* TuioCursor.cpp in Sources */,
				435164CD20B617CF00A88CBD /* FlightControllerUITests.swift in Sources */,
				43E5580420CB0FC1006A2730 /* OscReceivedElements.cpp in Sources */,
				43E5581620CB0FC1006A2730 /* OneEuroFilter.cpp in Sources */,
				43E557EF20CB0FC1006A2730 /* NetworkingUtils.cpp in Sources */,
				43E5583A20CB0FC1006A2730 /* TuioServer.cpp in Sources */,
				43E5583420CB0FC1006A2730 /* TuioObject.cpp in Sources */,
				43E5582E20CB0FC1006A2730 /* TuioDispatcher.cpp in Sources */,
				43E557EC20CB0FC1006A2730 /* IpEndpointName.cpp in Sources */,
				43E5584320CB0FC1006A2730 /* UdpSender.cpp in Sources */,
				43E5581F20CB0FC1006A2730 /* TcpSender.cpp in Sources */,
				43E5584020CB0FC1006A2730 /* UdpReceiver.cpp in Sources */,
				43E5581C20CB0FC1006A2730 /* TcpReceiver.cpp in Sources */,
				43E5582220CB0FC1006A2730 /* TuioBlob.cpp in Sources */,
				43E557F220CB0FC1006A2730 /* UdpSocket.cpp in Sources */,
				43E5583D20CB0FC1006A2730 /* TuioTime.cpp in Sources */,
				43E5580120CB0FC1006A2730 /* OscPrintReceivedElements.cpp in Sources */,
				43E5583720CB0FC1006A2730 /* TuioPoint.cpp in Sources */,
				43E557FE20CB0FC1006A2730 /* OscOutboundPacketStream.cpp in Sources */,
				43E5581920CB0FC1006A2730 /* OscReceiver.cpp in Sources */,
				43E5579D20CB06B2006A2730 /* TuioServerBridge.mm in Sources */,
				43E5582820CB0FC1006A2730 /* TuioContainer.cpp in Sources */,
				43E5581320CB0FC1006A2730 /* FlashSender.cpp in Sources */,
			);
			runOnlyForDeploymentPostprocessing = 0;
		};
/* End PBXSourcesBuildPhase section */

/* Begin PBXTargetDependency section */
		435164BF20B617CF00A88CBD /* PBXTargetDependency */ = {
			isa = PBXTargetDependency;
			target = 435164A820B617CE00A88CBD /* FlightController */;
			targetProxy = 435164BE20B617CF00A88CBD /* PBXContainerItemProxy */;
		};
		435164CA20B617CF00A88CBD /* PBXTargetDependency */ = {
			isa = PBXTargetDependency;
			target = 435164A820B617CE00A88CBD /* FlightController */;
			targetProxy = 435164C920B617CF00A88CBD /* PBXContainerItemProxy */;
		};
/* End PBXTargetDependency section */

/* Begin PBXVariantGroup section */
		435164B020B617CE00A88CBD /* Main.storyboard */ = {
			isa = PBXVariantGroup;
			children = (
				435164B120B617CE00A88CBD /* Base */,
			);
			name = Main.storyboard;
			sourceTree = "<group>";
		};
		435164B520B617CF00A88CBD /* LaunchScreen.storyboard */ = {
			isa = PBXVariantGroup;
			children = (
				435164B620B617CF00A88CBD /* Base */,
			);
			name = LaunchScreen.storyboard;
			sourceTree = "<group>";
		};
/* End PBXVariantGroup section */

/* Begin XCBuildConfiguration section */
		435164CF20B617CF00A88CBD /* Debug */ = {
			isa = XCBuildConfiguration;
			buildSettings = {
				ALWAYS_SEARCH_USER_PATHS = NO;
				CLANG_ANALYZER_LOCALIZABILITY_NONLOCALIZED = YES;
				CLANG_ANALYZER_NONNULL = YES;
				CLANG_ANALYZER_NUMBER_OBJECT_CONVERSION = YES_AGGRESSIVE;
				CLANG_CXX_LANGUAGE_STANDARD = "gnu++14";
				CLANG_CXX_LIBRARY = "libc++";
				CLANG_ENABLE_MODULES = YES;
				CLANG_ENABLE_OBJC_ARC = YES;
				CLANG_ENABLE_OBJC_WEAK = YES;
				CLANG_WARN_BLOCK_CAPTURE_AUTORELEASING = YES;
				CLANG_WARN_BOOL_CONVERSION = YES;
				CLANG_WARN_COMMA = YES;
				CLANG_WARN_CONSTANT_CONVERSION = YES;
				CLANG_WARN_DEPRECATED_OBJC_IMPLEMENTATIONS = YES;
				CLANG_WARN_DIRECT_OBJC_ISA_USAGE = YES_ERROR;
				CLANG_WARN_DOCUMENTATION_COMMENTS = YES;
				CLANG_WARN_EMPTY_BODY = YES;
				CLANG_WARN_ENUM_CONVERSION = YES;
				CLANG_WARN_INFINITE_RECURSION = YES;
				CLANG_WARN_INT_CONVERSION = YES;
				CLANG_WARN_NON_LITERAL_NULL_CONVERSION = YES;
				CLANG_WARN_OBJC_IMPLICIT_RETAIN_SELF = YES;
				CLANG_WARN_OBJC_LITERAL_CONVERSION = YES;
				CLANG_WARN_OBJC_ROOT_CLASS = YES_ERROR;
				CLANG_WARN_RANGE_LOOP_ANALYSIS = YES;
				CLANG_WARN_STRICT_PROTOTYPES = YES;
				CLANG_WARN_SUSPICIOUS_MOVE = YES;
				CLANG_WARN_UNGUARDED_AVAILABILITY = YES_AGGRESSIVE;
				CLANG_WARN_UNREACHABLE_CODE = YES;
				CLANG_WARN__DUPLICATE_METHOD_MATCH = YES;
				CODE_SIGN_IDENTITY = "iPhone Developer";
				COPY_PHASE_STRIP = NO;
				DEBUG_INFORMATION_FORMAT = dwarf;
				ENABLE_STRICT_OBJC_MSGSEND = YES;
				ENABLE_TESTABILITY = YES;
				GCC_C_LANGUAGE_STANDARD = gnu11;
				GCC_DYNAMIC_NO_PIC = NO;
				GCC_NO_COMMON_BLOCKS = YES;
				GCC_OPTIMIZATION_LEVEL = 0;
				GCC_PREPROCESSOR_DEFINITIONS = (
					"DEBUG=1",
					"$(inherited)",
				);
				GCC_WARN_64_TO_32_BIT_CONVERSION = YES;
				GCC_WARN_ABOUT_RETURN_TYPE = YES_ERROR;
				GCC_WARN_UNDECLARED_SELECTOR = YES;
				GCC_WARN_UNINITIALIZED_AUTOS = YES_AGGRESSIVE;
				GCC_WARN_UNUSED_FUNCTION = YES;
				GCC_WARN_UNUSED_VARIABLE = YES;
				IPHONEOS_DEPLOYMENT_TARGET = 11.3;
				MTL_ENABLE_DEBUG_INFO = YES;
				ONLY_ACTIVE_ARCH = YES;
				SDKROOT = iphoneos;
				SWIFT_ACTIVE_COMPILATION_CONDITIONS = DEBUG;
				SWIFT_OPTIMIZATION_LEVEL = "-Onone";
			};
			name = Debug;
		};
		435164D020B617CF00A88CBD /* Release */ = {
			isa = XCBuildConfiguration;
			buildSettings = {
				ALWAYS_SEARCH_USER_PATHS = NO;
				CLANG_ANALYZER_LOCALIZABILITY_NONLOCALIZED = YES;
				CLANG_ANALYZER_NONNULL = YES;
				CLANG_ANALYZER_NUMBER_OBJECT_CONVERSION = YES_AGGRESSIVE;
				CLANG_CXX_LANGUAGE_STANDARD = "gnu++14";
				CLANG_CXX_LIBRARY = "libc++";
				CLANG_ENABLE_MODULES = YES;
				CLANG_ENABLE_OBJC_ARC = YES;
				CLANG_ENABLE_OBJC_WEAK = YES;
				CLANG_WARN_BLOCK_CAPTURE_AUTORELEASING = YES;
				CLANG_WARN_BOOL_CONVERSION = YES;
				CLANG_WARN_COMMA = YES;
				CLANG_WARN_CONSTANT_CONVERSION = YES;
				CLANG_WARN_DEPRECATED_OBJC_IMPLEMENTATIONS = YES;
				CLANG_WARN_DIRECT_OBJC_ISA_USAGE = YES_ERROR;
				CLANG_WARN_DOCUMENTATION_COMMENTS = YES;
				CLANG_WARN_EMPTY_BODY = YES;
				CLANG_WARN_ENUM_CONVERSION = YES;
				CLANG_WARN_INFINITE_RECURSION = YES;
				CLANG_WARN_INT_CONVERSION = YES;
				CLANG_WARN_NON_LITERAL_NULL_CONVERSION = YES;
				CLANG_WARN_OBJC_IMPLICIT_RETAIN_SELF = YES;
				CLANG_WARN_OBJC_LITERAL_CONVERSION = YES;
				CLANG_WARN_OBJC_ROOT_CLASS = YES_ERROR;
				CLANG_WARN_RANGE_LOOP_ANALYSIS = YES;
				CLANG_WARN_STRICT_PROTOTYPES = YES;
				CLANG_WARN_SUSPICIOUS_MOVE = YES;
				CLANG_WARN_UNGUARDED_AVAILABILITY = YES_AGGRESSIVE;
				CLANG_WARN_UNREACHABLE_CODE = YES;
				CLANG_WARN__DUPLICATE_METHOD_MATCH = YES;
				CODE_SIGN_IDENTITY = "iPhone Developer";
				COPY_PHASE_STRIP = NO;
				DEBUG_INFORMATION_FORMAT = "dwarf-with-dsym";
				ENABLE_NS_ASSERTIONS = NO;
				ENABLE_STRICT_OBJC_MSGSEND = YES;
				GCC_C_LANGUAGE_STANDARD = gnu11;
				GCC_NO_COMMON_BLOCKS = YES;
				GCC_WARN_64_TO_32_BIT_CONVERSION = YES;
				GCC_WARN_ABOUT_RETURN_TYPE = YES_ERROR;
				GCC_WARN_UNDECLARED_SELECTOR = YES;
				GCC_WARN_UNINITIALIZED_AUTOS = YES_AGGRESSIVE;
				GCC_WARN_UNUSED_FUNCTION = YES;
				GCC_WARN_UNUSED_VARIABLE = YES;
				IPHONEOS_DEPLOYMENT_TARGET = 11.3;
				MTL_ENABLE_DEBUG_INFO = NO;
				SDKROOT = iphoneos;
				SWIFT_COMPILATION_MODE = wholemodule;
				SWIFT_OPTIMIZATION_LEVEL = "-O";
				VALIDATE_PRODUCT = YES;
			};
			name = Release;
		};
		435164D220B617CF00A88CBD /* Debug */ = {
			isa = XCBuildConfiguration;
			buildSettings = {
				ASSETCATALOG_COMPILER_APPICON_NAME = AppIcon;
				CODE_SIGN_STYLE = Automatic;
				DEVELOPMENT_TEAM = 955888J573;
				HEADER_SEARCH_PATHS = "${PROJECT_DIR}/FlightController/ext/TUIO11_CPP/**";
				INFOPLIST_FILE = FlightController/Info.plist;
				LD_RUNPATH_SEARCH_PATHS = (
					"$(inherited)",
					"@executable_path/Frameworks",
				);
				LIBRARY_SEARCH_PATHS = "";
				PRODUCT_BUNDLE_IDENTIFIER = com.openspaceproject.FlightController;
				PRODUCT_NAME = "$(TARGET_NAME)";
				SWIFT_OBJC_BRIDGING_HEADER = "FlightController/FlightController-Bridging-Header.h";
				SWIFT_VERSION = 4.0;
				TARGETED_DEVICE_FAMILY = "1,2";
			};
			name = Debug;
		};
		435164D320B617CF00A88CBD /* Release */ = {
			isa = XCBuildConfiguration;
			buildSettings = {
				ASSETCATALOG_COMPILER_APPICON_NAME = AppIcon;
				CODE_SIGN_STYLE = Automatic;
				DEVELOPMENT_TEAM = 955888J573;
				HEADER_SEARCH_PATHS = "${PROJECT_DIR}/FlightController/ext/TUIO11_CPP/**";
				INFOPLIST_FILE = FlightController/Info.plist;
				LD_RUNPATH_SEARCH_PATHS = (
					"$(inherited)",
					"@executable_path/Frameworks",
				);
				LIBRARY_SEARCH_PATHS = "";
				PRODUCT_BUNDLE_IDENTIFIER = com.openspaceproject.FlightController;
				PRODUCT_NAME = "$(TARGET_NAME)";
				SWIFT_OBJC_BRIDGING_HEADER = "FlightController/FlightController-Bridging-Header.h";
				SWIFT_VERSION = 4.0;
				TARGETED_DEVICE_FAMILY = "1,2";
			};
			name = Release;
		};
		435164D520B617CF00A88CBD /* Debug */ = {
			isa = XCBuildConfiguration;
			buildSettings = {
				ALWAYS_EMBED_SWIFT_STANDARD_LIBRARIES = YES;
				BUNDLE_LOADER = "$(TEST_HOST)";
				CLANG_ENABLE_MODULES = YES;
				CODE_SIGN_STYLE = Automatic;
				INFOPLIST_FILE = FlightControllerTests/Info.plist;
				LD_RUNPATH_SEARCH_PATHS = (
					"$(inherited)",
					"@executable_path/Frameworks",
					"@loader_path/Frameworks",
				);
				PRODUCT_BUNDLE_IDENTIFIER = com.openspaceproject.FlightControllerTests;
				PRODUCT_NAME = "$(TARGET_NAME)";
				SWIFT_OBJC_BRIDGING_HEADER = "FlightController/FlightControllerTests-Bridging-Header.h";
				SWIFT_OPTIMIZATION_LEVEL = "-Onone";
				SWIFT_VERSION = 4.0;
				TARGETED_DEVICE_FAMILY = "1,2";
				TEST_HOST = "$(BUILT_PRODUCTS_DIR)/FlightController.app/FlightController";
			};
			name = Debug;
		};
		435164D620B617CF00A88CBD /* Release */ = {
			isa = XCBuildConfiguration;
			buildSettings = {
				ALWAYS_EMBED_SWIFT_STANDARD_LIBRARIES = YES;
				BUNDLE_LOADER = "$(TEST_HOST)";
				CLANG_ENABLE_MODULES = YES;
				CODE_SIGN_STYLE = Automatic;
				INFOPLIST_FILE = FlightControllerTests/Info.plist;
				LD_RUNPATH_SEARCH_PATHS = (
					"$(inherited)",
					"@executable_path/Frameworks",
					"@loader_path/Frameworks",
				);
				PRODUCT_BUNDLE_IDENTIFIER = com.openspaceproject.FlightControllerTests;
				PRODUCT_NAME = "$(TARGET_NAME)";
				SWIFT_OBJC_BRIDGING_HEADER = "FlightController/FlightControllerTests-Bridging-Header.h";
				SWIFT_VERSION = 4.0;
				TARGETED_DEVICE_FAMILY = "1,2";
				TEST_HOST = "$(BUILT_PRODUCTS_DIR)/FlightController.app/FlightController";
			};
			name = Release;
		};
		435164D820B617CF00A88CBD /* Debug */ = {
			isa = XCBuildConfiguration;
			buildSettings = {
				ALWAYS_EMBED_SWIFT_STANDARD_LIBRARIES = YES;
				CLANG_ENABLE_MODULES = YES;
				CODE_SIGN_STYLE = Automatic;
				INFOPLIST_FILE = FlightControllerUITests/Info.plist;
				LD_RUNPATH_SEARCH_PATHS = (
					"$(inherited)",
					"@executable_path/Frameworks",
					"@loader_path/Frameworks",
				);
				PRODUCT_BUNDLE_IDENTIFIER = com.openspaceproject.FlightControllerUITests;
				PRODUCT_NAME = "$(TARGET_NAME)";
				SWIFT_OBJC_BRIDGING_HEADER = "FlightController/FlightControllerUITests-Bridging-Header.h";
				SWIFT_OPTIMIZATION_LEVEL = "-Onone";
				SWIFT_VERSION = 4.0;
				TARGETED_DEVICE_FAMILY = "1,2";
				TEST_TARGET_NAME = FlightController;
			};
			name = Debug;
		};
		435164D920B617CF00A88CBD /* Release */ = {
			isa = XCBuildConfiguration;
			buildSettings = {
				ALWAYS_EMBED_SWIFT_STANDARD_LIBRARIES = YES;
				CLANG_ENABLE_MODULES = YES;
				CODE_SIGN_STYLE = Automatic;
				INFOPLIST_FILE = FlightControllerUITests/Info.plist;
				LD_RUNPATH_SEARCH_PATHS = (
					"$(inherited)",
					"@executable_path/Frameworks",
					"@loader_path/Frameworks",
				);
				PRODUCT_BUNDLE_IDENTIFIER = com.openspaceproject.FlightControllerUITests;
				PRODUCT_NAME = "$(TARGET_NAME)";
				SWIFT_OBJC_BRIDGING_HEADER = "FlightController/FlightControllerUITests-Bridging-Header.h";
				SWIFT_VERSION = 4.0;
				TARGETED_DEVICE_FAMILY = "1,2";
				TEST_TARGET_NAME = FlightController;
			};
			name = Release;
		};
/* End XCBuildConfiguration section */

/* Begin XCConfigurationList section */
		435164A420B617CD00A88CBD /* Build configuration list for PBXProject "FlightController" */ = {
			isa = XCConfigurationList;
			buildConfigurations = (
				435164CF20B617CF00A88CBD /* Debug */,
				435164D020B617CF00A88CBD /* Release */,
			);
			defaultConfigurationIsVisible = 0;
			defaultConfigurationName = Release;
		};
		435164D120B617CF00A88CBD /* Build configuration list for PBXNativeTarget "FlightController" */ = {
			isa = XCConfigurationList;
			buildConfigurations = (
				435164D220B617CF00A88CBD /* Debug */,
				435164D320B617CF00A88CBD /* Release */,
			);
			defaultConfigurationIsVisible = 0;
			defaultConfigurationName = Release;
		};
		435164D420B617CF00A88CBD /* Build configuration list for PBXNativeTarget "FlightControllerTests" */ = {
			isa = XCConfigurationList;
			buildConfigurations = (
				435164D520B617CF00A88CBD /* Debug */,
				435164D620B617CF00A88CBD /* Release */,
			);
			defaultConfigurationIsVisible = 0;
			defaultConfigurationName = Release;
		};
		435164D720B617CF00A88CBD /* Build configuration list for PBXNativeTarget "FlightControllerUITests" */ = {
			isa = XCConfigurationList;
			buildConfigurations = (
				435164D820B617CF00A88CBD /* Debug */,
				435164D920B617CF00A88CBD /* Release */,
			);
			defaultConfigurationIsVisible = 0;
			defaultConfigurationName = Release;
		};
/* End XCConfigurationList section */
	};
	rootObject = 435164A120B617CD00A88CBD /* Project object */;
}
